
Microsoft Visual Studio Solution File, Format Version 12.00
# Visual Studio 15
VisualStudioVersion = 15.0.27825.0
MinimumVisualStudioVersion = 10.0.40219.1
Project("{9A19103F-16F7-4668-BE54-9A1E7A4F7556}") = "CPI.Client", "CPI.Client\CPI.Client.csproj", "{967B2272-0071-45E8-A1E6-99296BEA17AF}"
EndProject
Project("{2150E333-8FDC-42A3-9474-1A3956D46DE8}") = "Solution Items", "Solution Items", "{D0070829-D138-45B3-B454-4346027286A1}"
EndProject
Project("{FAE04EC0-301F-11D3-BF4B-00C04F79EFBC}") = "CPI.Client.Tests", "CPI.Client.Tests\CPI.Client.Tests.csproj", "{CD122027-1179-491F-AA6D-4EB3BD81AB3F}"
EndProject
Global
	GlobalSection(SolutionConfigurationPlatforms) = preSolution
		Debug|Any CPU = Debug|Any CPU
		Release|Any CPU = Release|Any CPU
	EndGlobalSection
	GlobalSection(ProjectConfigurationPlatforms) = postSolution
		{967B2272-0071-45E8-A1E6-99296BEA17AF}.Debug|Any CPU.ActiveCfg = Debug|Any CPU
		{967B2272-0071-45E8-A1E6-99296BEA17AF}.Debug|Any CPU.Build.0 = Debug|Any CPU
		{967B2272-0071-45E8-A1E6-99296BEA17AF}.Release|Any CPU.ActiveCfg = Release|Any CPU
		{967B2272-0071-45E8-A1E6-99296BEA17AF}.Release|Any CPU.Build.0 = Release|Any CPU
		{CD122027-1179-491F-AA6D-4EB3BD81AB3F}.Debug|Any CPU.ActiveCfg = Debug|Any CPU
		{CD122027-1179-491F-AA6D-4EB3BD81AB3F}.Debug|Any CPU.Build.0 = Debug|Any CPU
		{CD122027-1179-491F-AA6D-4EB3BD81AB3F}.Release|Any CPU.ActiveCfg = Release|Any CPU
		{CD122027-1179-491F-AA6D-4EB3BD81AB3F}.Release|Any CPU.Build.0 = Release|Any CPU
	EndGlobalSection
	GlobalSection(SolutionProperties) = preSolution
		HideSolutionNode = FALSE
	EndGlobalSection
	GlobalSection(ExtensibilityGlobals) = postSolution
		SolutionGuid = {D2644319-F03E-48ED-97FD-63236717441D}
	EndGlobalSection
EndGlobal
